
Microsoft Visual Studio Solution File, Format Version 12.00
# Visual Studio Version 17
VisualStudioVersion = 17.7.34031.279
MinimumVisualStudioVersion = 10.0.40219.1
Project("{FAE04EC0-301F-11D3-BF4B-00C04F79EFBC}") = "AdvarraTests", "AdvarraTests\AdvarraTests.csproj", "{DD9005B1-1F53-46CD-98AA-AFC7A1ADA848}"
	ProjectSection(ProjectDependencies) = postProject
		{C708B7BA-2264-45B7-945D-305D52BE85DE} = {C708B7BA-2264-45B7-945D-305D52BE85DE}
	EndProjectSection
EndProject
Project("{FAE04EC0-301F-11D3-BF4B-00C04F79EFBC}") = "UIAutomationLibrary", "UIAutomationLibrary\UIAutomationLibrary.csproj", "{C708B7BA-2264-45B7-945D-305D52BE85DE}"
EndProject
Global
	GlobalSection(SolutionConfigurationPlatforms) = preSolution
		Debug|Any CPU = Debug|Any CPU
		Release|Any CPU = Release|Any CPU
	EndGlobalSection
	GlobalSection(ProjectConfigurationPlatforms) = postSolution
		{DD9005B1-1F53-46CD-98AA-AFC7A1ADA848}.Debug|Any CPU.ActiveCfg = Debug|Any CPU
		{DD9005B1-1F53-46CD-98AA-AFC7A1ADA848}.Debug|Any CPU.Build.0 = Debug|Any CPU
		{DD9005B1-1F53-46CD-98AA-AFC7A1ADA848}.Release|Any CPU.ActiveCfg = Release|Any CPU
		{DD9005B1-1F53-46CD-98AA-AFC7A1ADA848}.Release|Any CPU.Build.0 = Release|Any CPU
		{C708B7BA-2264-45B7-945D-305D52BE85DE}.Debug|Any CPU.ActiveCfg = Debug|Any CPU
		{C708B7BA-2264-45B7-945D-305D52BE85DE}.Debug|Any CPU.Build.0 = Debug|Any CPU
		{C708B7BA-2264-45B7-945D-305D52BE85DE}.Release|Any CPU.ActiveCfg = Release|Any CPU
		{C708B7BA-2264-45B7-945D-305D52BE85DE}.Release|Any CPU.Build.0 = Release|Any CPU
	EndGlobalSection
	GlobalSection(SolutionProperties) = preSolution
		HideSolutionNode = FALSE
	EndGlobalSection
	GlobalSection(ExtensibilityGlobals) = postSolution
		SolutionGuid = {F7F1CD54-71F8-4CFB-9A1A-D6CAE05BB85B}
	EndGlobalSection
EndGlobal
